
Microsoft Visual Studio Solution File, Format Version 12.00
# Visual Studio Version 16
VisualStudioVersion = 16.0.32802.440
MinimumVisualStudioVersion = 10.0.40219.1
Project("{8BC9CEB8-8B4A-11D0-8D11-00A0C91BC942}") = "Pokemon_Battle_System", "Pokemon_Battle_System.vcxproj", "{BFCE0285-F00E-466C-B0FE-C857C56A9012}"
EndProject
Global
	GlobalSection(SolutionConfigurationPlatforms) = preSolution
		Debug|x64 = Debug|x64
		Debug|x86 = Debug|x86
		Release|x64 = Release|x64
		Release|x86 = Release|x86
	EndGlobalSection
	GlobalSection(ProjectConfigurationPlatforms) = postSolution
		{BFCE0285-F00E-466C-B0FE-C857C56A9012}.Debug|x64.ActiveCfg = Debug|x64
		{BFCE0285-F00E-466C-B0FE-C857C56A9012}.Debug|x64.Build.0 = Debug|x64
		{BFCE0285-F00E-466C-B0FE-C857C56A9012}.Debug|x86.ActiveCfg = Debug|Win32
		{BFCE0285-F00E-466C-B0FE-C857C56A9012}.Debug|x86.Build.0 = Debug|Win32
		{BFCE0285-F00E-466C-B0FE-C857C56A9012}.Release|x64.ActiveCfg = Release|x64
		{BFCE0285-F00E-466C-B0FE-C857C56A9012}.Release|x64.Build.0 = Release|x64
		{BFCE0285-F00E-466C-B0FE-C857C56A9012}.Release|x86.ActiveCfg = Release|Win32
		{BFCE0285-F00E-466C-B0FE-C857C56A9012}.Release|x86.Build.0 = Release|Win32
	EndGlobalSection
	GlobalSection(SolutionProperties) = preSolution
		HideSolutionNode = FALSE
	EndGlobalSection
	GlobalSection(ExtensibilityGlobals) = postSolution
		SolutionGuid = {9BA30EB6-D670-4838-BBBA-6568515F7103}
	EndGlobalSection
EndGlobal
